{
  "originHash" : "569201797981a7c86374438dbbb59766183bdba485de3381650fafd525262b93",
  "pins" : [
    {
      "identity" : "richeditorview",
      "kind" : "remoteSourceControl",
      "location" : "git@github.com:firstorderai/RichEditorView.git",
      "state" : {
        "branch" : "master",
        "revision" : "0f90dfcfd2e6b8f63b8d6cdddeb70cc103dd2afd"
      }
    }
  ],
  "version" : 3
}
