{
  "originHash" : "569201797981a7c86374438dbbb59766183bdba485de3381650fafd525262b93",
  "pins" : [
    {
      "identity" : "richeditorview",
      "kind" : "remoteSourceControl",
      "location" : "git@github.com:firstorderai/RichEditorView.git",
      "state" : {
        "branch" : "master",
        "revision" : "e2304c28d0d7466e1144b1de433ddf5ab1e9a654"
      }
    }
  ],
  "version" : 3
}
